
Microsoft Visual Studio Solution File, Format Version 12.00
# Visual Studio 15
VisualStudioVersion = 15.0.28307.421
MinimumVisualStudioVersion = 10.0.40219.1
Project("{FAE04EC0-301F-11D3-BF4B-00C04F79EFBC}") = "MP3", "MP3\MP3.csproj", "{0BC75BB5-CBA5-440A-BB2F-090F717C02F1}"
EndProject
Global
	GlobalSection(SolutionConfigurationPlatforms) = preSolution
		Debug|Any CPU = Debug|Any CPU
		Release|Any CPU = Release|Any CPU
	EndGlobalSection
	GlobalSection(ProjectConfigurationPlatforms) = postSolution
		{0BC75BB5-CBA5-440A-BB2F-090F717C02F1}.Debug|Any CPU.ActiveCfg = Debug|Any CPU
		{0BC75BB5-CBA5-440A-BB2F-090F717C02F1}.Debug|Any CPU.Build.0 = Debug|Any CPU
		{0BC75BB5-CBA5-440A-BB2F-090F717C02F1}.Release|Any CPU.ActiveCfg = Release|Any CPU
		{0BC75BB5-CBA5-440A-BB2F-090F717C02F1}.Release|Any CPU.Build.0 = Release|Any CPU
	EndGlobalSection
	GlobalSection(SolutionProperties) = preSolution
		HideSolutionNode = FALSE
	EndGlobalSection
	GlobalSection(ExtensibilityGlobals) = postSolution
		SolutionGuid = {A208C8CD-568C-41C2-AC40-57DA5DCACE29}
	EndGlobalSection
EndGlobal
